{
    "version": 3,
    "terraform_version": "0.9.11",
    "serial": 1,
    "lineage": "c64fe545-08e7-4c27-bcf4-3592b078ffef",
    "modules": [
        {
            "path": [
                "root"
            ],
            "outputs": {},
            "resources": {
                "aws_instance.ml-t2-01": {
                    "type": "aws_instance",
                    "depends_on": [],
                    "primary": {
                        "id": "i-01c6e17ab5f58cd55",
                        "attributes": {
                            "ami": "ami-9e1a35ed",
                            "associate_public_ip_address": "true",
                            "availability_zone": "eu-west-1b",
                            "disable_api_termination": "false",
                            "ebs_block_device.#": "0",
                            "ebs_optimized": "false",
                            "ephemeral_block_device.#": "0",
                            "iam_instance_profile": "",
                            "id": "i-01c6e17ab5f58cd55",
                            "instance_state": "running",
                            "instance_type": "t2.micro",
                            "ipv6_addresses.#": "0",
                            "key_name": "ec2user-key",
                            "monitoring": "false",
                            "network_interface.#": "0",
                            "network_interface_id": "eni-21980820",
                            "primary_network_interface_id": "eni-21980820",
                            "private_dns": "ip-172-31-43-45.eu-west-1.compute.internal",
                            "private_ip": "172.31.43.45",
                            "public_dns": "ec2-34-240-200-108.eu-west-1.compute.amazonaws.com",
                            "public_ip": "34.240.200.108",
                            "root_block_device.#": "1",
                            "root_block_device.0.delete_on_termination": "true",
                            "root_block_device.0.iops": "384",
                            "root_block_device.0.volume_size": "128",
                            "root_block_device.0.volume_type": "gp2",
                            "security_groups.#": "1",
                            "security_groups.2291358727": "allow_ssh_jupyter",
                            "source_dest_check": "true",
                            "subnet_id": "subnet-9778ddcc",
                            "tags.%": "1",
                            "tags.Name": "ml-t2-01",
                            "tenancy": "default",
                            "volume_tags.%": "0",
                            "vpc_security_group_ids.#": "0"
                        },
                        "meta": {
                            "e2bfb730-ecaa-11e6-8f88-34363bc7c4c0": {
                                "create": 600000000000,
                                "delete": 600000000000,
                                "update": 600000000000
                            },
                            "schema_version": "1"
                        },
                        "tainted": false
                    },
                    "deposed": [],
                    "provider": ""
                },
                "aws_key_pair.ec2user": {
                    "type": "aws_key_pair",
                    "depends_on": [],
                    "primary": {
                        "id": "ec2user-key",
                        "attributes": {
                            "fingerprint": "7a:ea:ad:ca:95:d6:38:27:6e:42:52:41:97:01:a4:66",
                            "id": "ec2user-key",
                            "key_name": "ec2user-key",
                            "public_key": "ssh-rsa AAAAB3NzaC1yc2EAAAADAQABAAABAQC8xz2uE0fNvtpvtEeTjV7pWncG32vFSb2kyExaxvOkM06bZBJORJWBwkxdzeskQNvjAbpxcIpM2/t3gG1IXDzmlwIMrjl4SJBNJgERhCqlVGl4V7Airw8cy+GZnhAKc8jOSsKCYFLowbGhR/83m6RkVq0zjJT3ewopG1FrYmsf+iBJ7gZ9WNq1z2lqkp3tDiJVXuLHeOiRuYtq6yhNt7sMK8QZsxv9SIUBSUR6YXqLt7cDywRXqbU3N5vPmrMDP+xLdvIZrtxm38Ix/gfmLnDEY3QEvoHjto59CVVQ8KCqL1+znE51e8WvVYYCaYvqRlrjDs8acfGrinqqqRp1CMd9 Daniel.Lennart@UKDUMXDVDWDLEN"
                        },
                        "meta": {
                            "schema_version": "1"
                        },
                        "tainted": false
                    },
                    "deposed": [],
                    "provider": ""
                },
                "aws_security_group.allow_ssh_jupyter": {
                    "type": "aws_security_group",
                    "depends_on": [],
                    "primary": {
                        "id": "sg-1d230f65",
                        "attributes": {
                            "description": "Allow inbound ssh and jupyter notebooks",
                            "egress.#": "1",
                            "egress.482069346.cidr_blocks.#": "1",
                            "egress.482069346.cidr_blocks.0": "0.0.0.0/0",
                            "egress.482069346.from_port": "0",
                            "egress.482069346.ipv6_cidr_blocks.#": "0",
                            "egress.482069346.prefix_list_ids.#": "0",
                            "egress.482069346.protocol": "-1",
                            "egress.482069346.security_groups.#": "0",
                            "egress.482069346.self": "false",
                            "egress.482069346.to_port": "0",
                            "id": "sg-1d230f65",
                            "ingress.#": "2",
                            "ingress.2192037401.cidr_blocks.#": "1",
                            "ingress.2192037401.cidr_blocks.0": "0.0.0.0/0",
                            "ingress.2192037401.from_port": "8888",
                            "ingress.2192037401.ipv6_cidr_blocks.#": "0",
                            "ingress.2192037401.protocol": "tcp",
                            "ingress.2192037401.security_groups.#": "0",
                            "ingress.2192037401.self": "false",
                            "ingress.2192037401.to_port": "8898",
                            "ingress.2541437006.cidr_blocks.#": "1",
                            "ingress.2541437006.cidr_blocks.0": "0.0.0.0/0",
                            "ingress.2541437006.from_port": "22",
                            "ingress.2541437006.ipv6_cidr_blocks.#": "0",
                            "ingress.2541437006.protocol": "tcp",
                            "ingress.2541437006.security_groups.#": "0",
                            "ingress.2541437006.self": "false",
                            "ingress.2541437006.to_port": "22",
                            "name": "allow_ssh_jupyter",
                            "owner_id": "660613089505",
                            "tags.%": "0",
                            "vpc_id": "vpc-5c18783b"
                        },
                        "meta": {},
                        "tainted": false
                    },
                    "deposed": [],
                    "provider": ""
                }
            },
            "depends_on": []
        }
    ]
}
